
Microsoft Visual Studio Solution File, Format Version 12.00
# Visual Studio 2013
VisualStudioVersion = 12.0.40629.0
MinimumVisualStudioVersion = 10.0.40219.1
Project("{FAE04EC0-301F-11D3-BF4B-00C04F79EFBC}") = "DIP.Abstraction", "DIP.Abstraction\DIP.Abstraction.csproj", "{3655AA40-D42D-4148-BC0B-1C2658245A7A}"
EndProject
Project("{FAE04EC0-301F-11D3-BF4B-00C04F79EFBC}") = "DIP.HightLevelModule", "DIP.HightLevelModule\DIP.HightLevelModule.csproj", "{1BBD8B1D-B30A-40A6-A386-113820F06C19}"
EndProject
Project("{FAE04EC0-301F-11D3-BF4B-00C04F79EFBC}") = "DIP.LowLevelModule", "DIP.LowLevelModule\DIP.LowLevelModule.csproj", "{172D3DC8-9F2D-42BC-AD32-17478BF07066}"
EndProject
Project("{FAE04EC0-301F-11D3-BF4B-00C04F79EFBC}") = "DIP.Client", "DIP.Client\DIP.Client.csproj", "{00EA2286-626C-4075-94AB-4374312F5123}"
EndProject
Global
	GlobalSection(SolutionConfigurationPlatforms) = preSolution
		Debug|Any CPU = Debug|Any CPU
		Release|Any CPU = Release|Any CPU
	EndGlobalSection
	GlobalSection(ProjectConfigurationPlatforms) = postSolution
		{3655AA40-D42D-4148-BC0B-1C2658245A7A}.Debug|Any CPU.ActiveCfg = Debug|Any CPU
		{3655AA40-D42D-4148-BC0B-1C2658245A7A}.Debug|Any CPU.Build.0 = Debug|Any CPU
		{3655AA40-D42D-4148-BC0B-1C2658245A7A}.Release|Any CPU.ActiveCfg = Release|Any CPU
		{3655AA40-D42D-4148-BC0B-1C2658245A7A}.Release|Any CPU.Build.0 = Release|Any CPU
		{1BBD8B1D-B30A-40A6-A386-113820F06C19}.Debug|Any CPU.ActiveCfg = Debug|Any CPU
		{1BBD8B1D-B30A-40A6-A386-113820F06C19}.Debug|Any CPU.Build.0 = Debug|Any CPU
		{1BBD8B1D-B30A-40A6-A386-113820F06C19}.Release|Any CPU.ActiveCfg = Release|Any CPU
		{1BBD8B1D-B30A-40A6-A386-113820F06C19}.Release|Any CPU.Build.0 = Release|Any CPU
		{172D3DC8-9F2D-42BC-AD32-17478BF07066}.Debug|Any CPU.ActiveCfg = Debug|Any CPU
		{172D3DC8-9F2D-42BC-AD32-17478BF07066}.Debug|Any CPU.Build.0 = Debug|Any CPU
		{172D3DC8-9F2D-42BC-AD32-17478BF07066}.Release|Any CPU.ActiveCfg = Release|Any CPU
		{172D3DC8-9F2D-42BC-AD32-17478BF07066}.Release|Any CPU.Build.0 = Release|Any CPU
		{00EA2286-626C-4075-94AB-4374312F5123}.Debug|Any CPU.ActiveCfg = Debug|Any CPU
		{00EA2286-626C-4075-94AB-4374312F5123}.Debug|Any CPU.Build.0 = Debug|Any CPU
		{00EA2286-626C-4075-94AB-4374312F5123}.Release|Any CPU.ActiveCfg = Release|Any CPU
		{00EA2286-626C-4075-94AB-4374312F5123}.Release|Any CPU.Build.0 = Release|Any CPU
	EndGlobalSection
	GlobalSection(SolutionProperties) = preSolution
		HideSolutionNode = FALSE
	EndGlobalSection
EndGlobal
